<?xml version="1.0" encoding="utf-8"?>
<Project ToolsVersion="4.0" xmlns="http://schemas.microsoft.com/developer/msbuild/2003">
  <ItemGroup>
    <ClCompile Include="AudioComponent.cpp">
      <Filter>ecs\audio</Filter>
    </ClCompile>
    <ClCompile Include="AudioData.cpp">
      <Filter>ecs\audio</Filter>
    </ClCompile>
    <ClCompile Include="AudioSystem.cpp">
      <Filter>ecs\audio</Filter>
    </ClCompile>
    <ClCompile Include="CollisionShape.cpp">
      <Filter>ecs\physics mads</Filter>
    </ClCompile>
    <ClCompile Include="PhysicsBody.cpp">
      <Filter>ecs\physics mads</Filter>
    </ClCompile>
    <ClCompile Include="PhysicsServer.cpp">
      <Filter>ecs\physics mads</Filter>
    </ClCompile>
    <ClCompile Include="PolygonCollider.cpp">
      <Filter>ecs\physics mads</Filter>
    </ClCompile>
    <ClCompile Include="PhysicsComponent.cpp">
      <Filter>ecs\physics</Filter>
    </ClCompile>
    <ClCompile Include="PhysicsLocator.cpp">
      <Filter>ecs\physics</Filter>
    </ClCompile>
    <ClCompile Include="PhysicsSystem.cpp">
      <Filter>ecs\physics</Filter>
    </ClCompile>
    <ClCompile Include="PhysicsListener.cpp">
      <Filter>ecs\physics</Filter>
    </ClCompile>
    <ClCompile Include="MeshRenderer.cpp">
      <Filter>ecs\rendering</Filter>
    </ClCompile>
    <ClCompile Include="RenderComponent.cpp">
      <Filter>ecs\rendering</Filter>
    </ClCompile>
    <ClCompile Include="StaticBody.cpp">
      <Filter>ecs\physics mads</Filter>
    </ClCompile>
    <ClCompile Include="SphereCollider.cpp">
      <Filter>ecs\physics mads</Filter>
    </ClCompile>
    <ClCompile Include="Rigidbody.cpp">
      <Filter>ecs\physics mads</Filter>
    </ClCompile>
    <ClCompile Include="Transform.cpp">
      <Filter>ecs</Filter>
    </ClCompile>
    <ClCompile Include="Camera.cpp">
      <Filter>ecs\camera</Filter>
    </ClCompile>
    <ClCompile Include="CameraComponent.cpp">
      <Filter>ecs\camera</Filter>
    </ClCompile>
    <ClCompile Include="Shader.cpp">
      <Filter>resources</Filter>
    </ClCompile>
    <ClCompile Include="Scene.cpp">
      <Filter>resources</Filter>
    </ClCompile>
    <ClCompile Include="Resource.cpp">
      <Filter>resources</Filter>
    </ClCompile>
    <ClCompile Include="Mesh.cpp">
      <Filter>resources</Filter>
    </ClCompile>
    <ClCompile Include="Material.cpp">
      <Filter>resources</Filter>
    </ClCompile>
    <ClCompile Include="Collider.cpp">
      <Filter>ecs\physics mads</Filter>
    </ClCompile>
    <ClCompile Include="..\Libraries\imgui\scr\imgui.cpp">
      <Filter>imgui</Filter>
    </ClCompile>
    <ClCompile Include="..\Libraries\imgui\scr\imgui_demo.cpp">
      <Filter>imgui</Filter>
    </ClCompile>
    <ClCompile Include="..\Libraries\imgui\scr\imgui_draw.cpp">
      <Filter>imgui</Filter>
    </ClCompile>
    <ClCompile Include="..\Libraries\imgui\scr\imgui_impl_glfw.cpp">
      <Filter>imgui</Filter>
    </ClCompile>
    <ClCompile Include="..\Libraries\imgui\scr\imgui_impl_vulkan.cpp">
      <Filter>imgui</Filter>
    </ClCompile>
    <ClCompile Include="..\Libraries\imgui\scr\imgui_tables.cpp">
      <Filter>imgui</Filter>
    </ClCompile>
    <ClCompile Include="..\Libraries\imgui\scr\imgui_widgets.cpp">
      <Filter>imgui</Filter>
    </ClCompile>
    <ClCompile Include="ImGuiLayer.cpp">
      <Filter>imgui</Filter>
    </ClCompile>
    <ClCompile Include="..\Libraries\ImGuizmo\ImGuizmo.cpp">
      <Filter>imgui</Filter>
    </ClCompile>
    <ClCompile Include="EditorCamera.cpp">
      <Filter>editor</Filter>
    </ClCompile>
    <ClCompile Include="EngineEditor.cpp">
      <Filter>editor</Filter>
    </ClCompile>
    <ClCompile Include="main.cpp">
      <Filter>core</Filter>
    </ClCompile>
    <ClCompile Include="Script.cpp">
      <Filter>ecs</Filter>
    </ClCompile>
    <ClCompile Include="Texture.cpp">
      <Filter>resources</Filter>
    </ClCompile>
    <ClCompile Include="SpriteRenderer.cpp">
      <Filter>ecs\rendering</Filter>
    </ClCompile>
    <ClCompile Include="ChinaEngine.cpp">
      <Filter>core</Filter>
    </ClCompile>
    <ClCompile Include="Color.cpp">
      <Filter>types</Filter>
    </ClCompile>
    <ClCompile Include="Debug.cpp">
      <Filter>editor</Filter>
    </ClCompile>
    <ClCompile Include="GameObject.cpp">
      <Filter>ecs</Filter>
    </ClCompile>
    <ClCompile Include="Mathf.cpp">
      <Filter>types</Filter>
    </ClCompile>
    <ClCompile Include="Vertex.cpp">
      <Filter>types</Filter>
    </ClCompile>
    <ClCompile Include="Input.cpp">
      <Filter>singletons</Filter>
    </ClCompile>
    <ClCompile Include="Time.cpp">
      <Filter>singletons</Filter>
    </ClCompile>
    <ClCompile Include="BulletManagerComponent.cpp">
      <Filter>ecs</Filter>
    </ClCompile>
    <ClCompile Include="ResourceManager.cpp">
      <Filter>singletons</Filter>
    </ClCompile>
    <ClCompile Include="SceneManager.cpp">
      <Filter>singletons</Filter>
    </ClCompile>
    <ClCompile Include="VulkanEngineRenderer.cpp">
      <Filter>ecs\rendering</Filter>
    </ClCompile>
    <ClCompile Include="Signal.cpp">
      <Filter>types</Filter>
    </ClCompile>
    <ClCompile Include="WindowsPlatformUtils.cpp">
      <Filter>editor</Filter>
    </ClCompile>
    <ClCompile Include="Component.cpp">
      <Filter>ecs\component</Filter>
    </ClCompile>
    <ClCompile Include="ComponentMeta.cpp">
      <Filter>ecs\component</Filter>
    </ClCompile>
    <ClCompile Include="BSODComponent.cpp">
      <Filter>ecs\bsod</Filter>
    </ClCompile>
    <ClCompile Include="BSpline.cpp" />
    <ClCompile Include="CameraBase.cpp" />
    <ClCompile Include="Delaunay.cpp" />
    <ClCompile Include="Draw.cpp" />
    <ClCompile Include="JCollisionAlgorithm.cpp">
      <Filter>ecs\physics jarle</Filter>
    </ClCompile>
    <ClCompile Include="JCollisionShape.cpp">
      <Filter>ecs\physics jarle</Filter>
    </ClCompile>
    <ClCompile Include="JPhysicsComponent.cpp">
      <Filter>ecs\physics jarle</Filter>
    </ClCompile>
    <ClCompile Include="JPhysicsSystem.cpp">
      <Filter>ecs\physics jarle</Filter>
    </ClCompile>
    <ClCompile Include="JCollision.cpp">
      <Filter>ecs\physics jarle</Filter>
    </ClCompile>
    <ClCompile Include="JCollisionPoints.cpp">
      <Filter>ecs\physics jarle</Filter>
    </ClCompile>
  </ItemGroup>
  <ItemGroup>
    <ClInclude Include="Serialization.h" />
    <ClInclude Include="AudioComponent.h">
      <Filter>ecs\audio</Filter>
    </ClInclude>
    <ClInclude Include="AudioData.h">
      <Filter>ecs\audio</Filter>
    </ClInclude>
    <ClInclude Include="AudioSystem.h">
      <Filter>ecs\audio</Filter>
    </ClInclude>
    <ClInclude Include="CollisionShape.h">
      <Filter>ecs\physics mads</Filter>
    </ClInclude>
    <ClInclude Include="PhysicsBody.h">
      <Filter>ecs\physics mads</Filter>
    </ClInclude>
    <ClInclude Include="PhysicsServer.h">
      <Filter>ecs\physics mads</Filter>
    </ClInclude>
    <ClInclude Include="PolygonCollider.h">
      <Filter>ecs\physics mads</Filter>
    </ClInclude>
    <ClInclude Include="PhysicsSystem.h">
      <Filter>ecs\physics</Filter>
    </ClInclude>
    <ClInclude Include="PhysicsComponent.h">
      <Filter>ecs\physics</Filter>
    </ClInclude>
    <ClInclude Include="PhysicsLocator.h">
      <Filter>ecs\physics</Filter>
    </ClInclude>
    <ClInclude Include="PhysicsListener.h">
      <Filter>ecs\physics</Filter>
    </ClInclude>
    <ClInclude Include="MeshRenderer.h">
      <Filter>ecs\rendering</Filter>
    </ClInclude>
    <ClInclude Include="RenderComponent.h">
      <Filter>ecs\rendering</Filter>
    </ClInclude>
    <ClInclude Include="StaticBody.h">
      <Filter>ecs\physics mads</Filter>
    </ClInclude>
    <ClInclude Include="SphereCollider.h">
      <Filter>ecs\physics mads</Filter>
    </ClInclude>
    <ClInclude Include="Rigidbody.h">
      <Filter>ecs\physics mads</Filter>
    </ClInclude>
    <ClInclude Include="Transform.h">
      <Filter>ecs</Filter>
    </ClInclude>
    <ClInclude Include="Camera.h">
      <Filter>ecs\camera</Filter>
    </ClInclude>
    <ClInclude Include="CameraBase.h">
      <Filter>ecs\camera</Filter>
    </ClInclude>
    <ClInclude Include="CameraComponent.h">
      <Filter>ecs\camera</Filter>
    </ClInclude>
    <ClInclude Include="Shader.h">
      <Filter>resources</Filter>
    </ClInclude>
    <ClInclude Include="Scene.h">
      <Filter>resources</Filter>
    </ClInclude>
    <ClInclude Include="Resource.h">
      <Filter>resources</Filter>
    </ClInclude>
    <ClInclude Include="Mesh.h">
      <Filter>resources</Filter>
    </ClInclude>
    <ClInclude Include="Material.h">
      <Filter>resources</Filter>
    </ClInclude>
    <ClInclude Include="Collider.h">
      <Filter>ecs\physics mads</Filter>
    </ClInclude>
    <ClInclude Include="ImGuiLayer.h">
      <Filter>imgui</Filter>
    </ClInclude>
    <ClInclude Include="..\Libraries\ImGuizmo\ImGuizmo.h">
      <Filter>imgui</Filter>
    </ClInclude>
    <ClInclude Include="Editor.h">
      <Filter>editor</Filter>
    </ClInclude>
    <ClInclude Include="EditorCamera.h">
      <Filter>editor</Filter>
    </ClInclude>
    <ClInclude Include="EngineEditor.h">
      <Filter>editor</Filter>
    </ClInclude>
    <ClInclude Include="Script.h">
      <Filter>ecs</Filter>
    </ClInclude>
    <ClInclude Include="Texture.h">
      <Filter>resources</Filter>
    </ClInclude>
    <ClInclude Include="SpriteRenderer.h">
      <Filter>ecs\rendering</Filter>
    </ClInclude>
    <ClInclude Include="ChinaEngine.h">
      <Filter>core</Filter>
    </ClInclude>
    <ClInclude Include="ChinaCoreHeader.h">
      <Filter>core</Filter>
    </ClInclude>
    <ClInclude Include="Color.h">
      <Filter>types</Filter>
    </ClInclude>
    <ClInclude Include="Debug.h">
      <Filter>editor</Filter>
    </ClInclude>
    <ClInclude Include="GameObject.h">
      <Filter>ecs</Filter>
    </ClInclude>
    <ClInclude Include="Mathf.h">
      <Filter>types</Filter>
    </ClInclude>
    <ClInclude Include="Vertex.h">
      <Filter>types</Filter>
    </ClInclude>
    <ClInclude Include="Input.h">
      <Filter>singletons</Filter>
    </ClInclude>
    <ClInclude Include="Time.h">
      <Filter>singletons</Filter>
    </ClInclude>
    <ClInclude Include="BulletManagerComponent.h">
      <Filter>ecs</Filter>
    </ClInclude>
    <ClInclude Include="ResourceManager.h">
      <Filter>singletons</Filter>
    </ClInclude>
    <ClInclude Include="SceneManager.h">
      <Filter>singletons</Filter>
    </ClInclude>
    <ClInclude Include="VulkanEngineRenderer.h">
      <Filter>ecs\rendering</Filter>
    </ClInclude>
    <ClInclude Include="Signal.h">
      <Filter>types</Filter>
    </ClInclude>
    <ClInclude Include="Components.h">
      <Filter>ecs\component</Filter>
    </ClInclude>
    <ClInclude Include="Component.h">
      <Filter>ecs\component</Filter>
    </ClInclude>
    <ClInclude Include="ComponentMeta.h">
      <Filter>ecs\component</Filter>
    </ClInclude>
    <ClInclude Include="BSODComponent.h">
      <Filter>ecs\bsod</Filter>
    </ClInclude>
    <ClInclude Include="Delaunay.h" />
    <ClInclude Include="Draw.h" />
    <ClInclude Include="WindowsPlatformUtils.h">
      <Filter>editor</Filter>
    </ClInclude>
    <ClInclude Include="JCollisionAlgorithm.h">
      <Filter>ecs\physics jarle</Filter>
    </ClInclude>
    <ClInclude Include="JCollisionShape.h">
      <Filter>ecs\physics jarle</Filter>
    </ClInclude>
    <ClInclude Include="JPhysicsComponent.h">
      <Filter>ecs\physics jarle</Filter>
    </ClInclude>
    <ClInclude Include="JPhysicsSystem.h">
      <Filter>ecs\physics jarle</Filter>
    </ClInclude>
    <ClInclude Include="JCollisionPoints.h">
      <Filter>ecs\physics jarle</Filter>
    </ClInclude>
    <ClInclude Include="JCollision.h">
      <Filter>ecs\physics jarle</Filter>
    </ClInclude>
  </ItemGroup>
  <ItemGroup>
    <Filter Include="ecs">
      <UniqueIdentifier>{41a58f85-d2dd-46d4-ba7a-524b572e28b8}</UniqueIdentifier>
    </Filter>
    <Filter Include="ecs\audio">
      <UniqueIdentifier>{a2a10cf5-7f4e-4a88-a8ee-bd31ee3db729}</UniqueIdentifier>
    </Filter>
    <Filter Include="ecs\physics">
      <UniqueIdentifier>{d2272386-9593-4f0e-95e2-dba5c5135f23}</UniqueIdentifier>
    </Filter>
    <Filter Include="ecs\rendering">
      <UniqueIdentifier>{0d7e3bc9-89f0-43e2-a5fc-424289cdbc35}</UniqueIdentifier>
    </Filter>
    <Filter Include="resources">
      <UniqueIdentifier>{211c99a7-f5a2-4289-896c-9c6c15f42355}</UniqueIdentifier>
    </Filter>
    <Filter Include="ecs\camera">
      <UniqueIdentifier>{117df551-ccf2-4073-9998-683cf90dada0}</UniqueIdentifier>
    </Filter>
    <Filter Include="imgui">
      <UniqueIdentifier>{f2bb50a7-4fd1-46c9-83f7-2f753838cf70}</UniqueIdentifier>
    </Filter>
    <Filter Include="core">
      <UniqueIdentifier>{673a6c79-b357-4517-8c89-563e12f96c63}</UniqueIdentifier>
    </Filter>
    <Filter Include="editor">
      <UniqueIdentifier>{bf07fc7a-4bdb-4a43-8185-130fc95a4ff3}</UniqueIdentifier>
    </Filter>
    <Filter Include="types">
      <UniqueIdentifier>{97e27b44-ad8b-4c9a-8e57-255ee02cdaea}</UniqueIdentifier>
    </Filter>
    <Filter Include="singletons">
      <UniqueIdentifier>{e42786d3-1922-49b5-a5e0-8a7a63952022}</UniqueIdentifier>
    </Filter>
    <Filter Include="deprecated">
      <UniqueIdentifier>{e0c48ddc-b495-4ced-ae68-c2a4ca661d76}</UniqueIdentifier>
    </Filter>
    <Filter Include="ecs\component">
      <UniqueIdentifier>{1ca9db9e-0fe8-4c77-8e15-e31320d4ab62}</UniqueIdentifier>
    </Filter>
    <Filter Include="ecs\bsod">
      <UniqueIdentifier>{eded514a-79b1-4fcc-aba5-5f0e3e1132a9}</UniqueIdentifier>
    </Filter>
    <Filter Include="ecs\physics jarle">
      <UniqueIdentifier>{76f7258a-5d43-40e7-937b-827a98e63e41}</UniqueIdentifier>
    </Filter>
    <Filter Include="ecs\physics mads">
      <UniqueIdentifier>{d19afd7e-df5e-4167-8868-e03e2d133dd0}</UniqueIdentifier>
    </Filter>
  </ItemGroup>
  <ItemGroup>
    <None Include="..\Resources\scripts\lua_test.lua" />
  </ItemGroup>
</Project>